
Microsoft Visual Studio Solution File, Format Version 12.00
# Visual Studio 15
VisualStudioVersion = 15.0.26403.0
MinimumVisualStudioVersion = 10.0.40219.1
Project("{9A19103F-16F7-4668-BE54-9A1E7A4F7556}") = "WebApplication2", "WebApplication2\WebApplication2.csproj", "{D6006E5C-1C91-4E3A-B75E-3BB20417B6C4}"
EndProject
Project("{9A19103F-16F7-4668-BE54-9A1E7A4F7556}") = "bs", "bs\bs.csproj", "{09EC21E5-6394-4276-A2DE-805B94A286AC}"
EndProject
Project("{FAE04EC0-301F-11D3-BF4B-00C04F79EFBC}") = "XUnitTestProject1", "XUnitTestProject1\XUnitTestProject1.csproj", "{C3184EA7-7B6F-47A3-812E-307F23C50E49}"
EndProject
Global
	GlobalSection(SolutionConfigurationPlatforms) = preSolution
		Debug|Any CPU = Debug|Any CPU
		Release|Any CPU = Release|Any CPU
	EndGlobalSection
	GlobalSection(ProjectConfigurationPlatforms) = postSolution
		{D6006E5C-1C91-4E3A-B75E-3BB20417B6C4}.Debug|Any CPU.ActiveCfg = Debug|Any CPU
		{D6006E5C-1C91-4E3A-B75E-3BB20417B6C4}.Debug|Any CPU.Build.0 = Debug|Any CPU
		{D6006E5C-1C91-4E3A-B75E-3BB20417B6C4}.Release|Any CPU.ActiveCfg = Release|Any CPU
		{D6006E5C-1C91-4E3A-B75E-3BB20417B6C4}.Release|Any CPU.Build.0 = Release|Any CPU
		{09EC21E5-6394-4276-A2DE-805B94A286AC}.Debug|Any CPU.ActiveCfg = Debug|Any CPU
		{09EC21E5-6394-4276-A2DE-805B94A286AC}.Debug|Any CPU.Build.0 = Debug|Any CPU
		{09EC21E5-6394-4276-A2DE-805B94A286AC}.Release|Any CPU.ActiveCfg = Release|Any CPU
		{09EC21E5-6394-4276-A2DE-805B94A286AC}.Release|Any CPU.Build.0 = Release|Any CPU
		{C3184EA7-7B6F-47A3-812E-307F23C50E49}.Debug|Any CPU.ActiveCfg = Debug|Any CPU
		{C3184EA7-7B6F-47A3-812E-307F23C50E49}.Debug|Any CPU.Build.0 = Debug|Any CPU
		{C3184EA7-7B6F-47A3-812E-307F23C50E49}.Release|Any CPU.ActiveCfg = Release|Any CPU
		{C3184EA7-7B6F-47A3-812E-307F23C50E49}.Release|Any CPU.Build.0 = Release|Any CPU
	EndGlobalSection
	GlobalSection(SolutionProperties) = preSolution
		HideSolutionNode = FALSE
	EndGlobalSection
EndGlobal
